
Microsoft Visual Studio Solution File, Format Version 12.00
# Visual Studio Version 17
VisualStudioVersion = 17.0.31825.309
MinimumVisualStudioVersion = 15.0.26124.0
Project("{9A19103F-16F7-4668-BE54-9A1E7A4F7556}") = "Cyberduck.Core.Native", "core\src\main\csharp\Cyberduck.Core.Native.csproj", "{89D94AC6-3D04-4B67-A39B-C1DEFB8A1766}"
EndProject
Project("{9A19103F-16F7-4668-BE54-9A1E7A4F7556}") = "Cyberduck.Bonjour.Native", "bonjour\src\main\csharp\Cyberduck.Bonjour.Native.csproj", "{1926AB55-690C-4081-99D5-170847C206D9}"
EndProject
Project("{9A19103F-16F7-4668-BE54-9A1E7A4F7556}") = "Cyberduck.Core.Test", "core\src\test\csharp\Cyberduck.Core.Test.csproj", "{581C7683-D22D-4346-B3BF-DC2936231C46}"
EndProject
Project("{9A19103F-16F7-4668-BE54-9A1E7A4F7556}") = "duck", "cli\src\main\csharp\duck.csproj", "{2287E64E-3515-4324-9833-553348295C15}"
EndProject
Project("{2150E333-8FDC-42A3-9474-1A3956D46DE8}") = "test", "test", "{8B08EF96-10D6-4F35-94C1-986F9F0F1506}"
EndProject
Project("{2150E333-8FDC-42A3-9474-1A3956D46DE8}") = "src", "src", "{3FAE38FB-24D9-4F8C-81BA-68BAD19FC81D}"
EndProject
Project("{2150E333-8FDC-42A3-9474-1A3956D46DE8}") = "libs", "libs", "{72B4BA09-65D8-4C49-930E-B14104B2AB1B}"
EndProject
Project("{9A19103F-16F7-4668-BE54-9A1E7A4F7556}") = "Cyberduck", "windows\src\main\csharp\Cyberduck.csproj", "{04AFCFBB-97D5-44EA-B087-F0CFAEB51E30}"
EndProject
Project("{9A19103F-16F7-4668-BE54-9A1E7A4F7556}") = "Cyberduck.Test", "windows\src\test\csharp\Cyberduck.Test.csproj", "{B5565834-1164-4858-AF50-AE89CFC9BDD2}"
EndProject
Project("{2150E333-8FDC-42A3-9474-1A3956D46DE8}") = "installer", "installer", "{0DF59FB4-AEA9-4213-A935-6DB851411B67}"
EndProject
Project("{2150E333-8FDC-42A3-9474-1A3956D46DE8}") = "duck", "duck", "{457F1D6D-8AEC-42E2-9211-2A8405C95019}"
EndProject
Project("{2150E333-8FDC-42A3-9474-1A3956D46DE8}") = "Cyberduck", "Cyberduck", "{7D32EE61-B6F0-4978-B500-45172B181283}"
EndProject
Project("{8BC9CEB8-8B4A-11D0-8D11-00A0C91BC942}") = "WindowsVersionCustomAction", "windows\src\main\wix\WindowsVersionCustomAction\WindowsVersionCustomAction.vcxproj", "{FBA5EFE2-362B-4BAD-A748-3248F79468AC}"
EndProject
Project("{930C7802-8A8C-48F9-8165-68863BCCD9DD}") = "Cyberduck.Bootstrapper", "windows\src\main\wix\Bootstrapper\Cyberduck.Bootstrapper.wixproj", "{00858CE5-437F-46BE-8A2E-519B552DBF7D}"
EndProject
Project("{930C7802-8A8C-48F9-8165-68863BCCD9DD}") = "Cyberduck.Bundle", "windows\src\main\wix\Bundle\Cyberduck.Bundle.wixproj", "{65AB4CE3-5AF4-411A-928C-7FFD250C6D85}"
EndProject
Project("{930C7802-8A8C-48F9-8165-68863BCCD9DD}") = "duck.bootstrapper", "cli\src\main\wix\Bootstrapper\duck.bootstrapper.wixproj", "{EF87DE0E-BC36-4D3C-8852-C8AD11D01F04}"
EndProject
Project("{930C7802-8A8C-48F9-8165-68863BCCD9DD}") = "duck.bundle", "cli\src\main\wix\Bundle\duck.bundle.wixproj", "{F6975079-F730-4A31-9909-DE536E524764}"
EndProject
Project("{9A19103F-16F7-4668-BE54-9A1E7A4F7556}") = "Cyberduck.Core.Refresh", "core\native\refresh\src\main\csharp\Cyberduck.Core.Refresh.csproj", "{D1286C4A-9D6A-4904-B9AD-CB7688483EDB}"
EndProject
Project("{2150E333-8FDC-42A3-9474-1A3956D46DE8}") = "Solution Items", "Solution Items", "{B9726AB9-4100-4499-A9CF-78167CC27024}"
	ProjectSection(SolutionItems) = preProject
		.editorconfig = .editorconfig
		Directory.Build.props = Directory.Build.props
		Directory.Build.targets = Directory.Build.targets
		global.json = global.json
		Packages.props = Packages.props
	EndProjectSection
EndProject
Project("{9A19103F-16F7-4668-BE54-9A1E7A4F7556}") = "i18n-gen", "core\i18n-gen\i18n-gen.csproj", "{ABB0D3AD-BCDA-4F73-88C3-C67B76AAB6FE}"
EndProject
Project("{C7167F0D-BC9F-4E6E-AFE1-012C56B48DB5}") = "package", "windows\src\main\package\package.wapproj", "{55CDD736-9A8A-4091-AC99-60E2F9C73269}"
EndProject
Project("{9A19103F-16F7-4668-BE54-9A1E7A4F7556}") = "Cyberduck.Core", "core\dll\Cyberduck.Core.msbuildproj", "{700080FF-8673-400D-8E0A-80F5B9ECC6A1}"
EndProject
Project("{9A19103F-16F7-4668-BE54-9A1E7A4F7556}") = "Cyberduck.Bonjour", "bonjour\dll\Cyberduck.Bonjour.msbuildproj", "{8F1F7D55-70A4-4E9A-BF0A-AF27369C67FB}"
EndProject
Project("{9A19103F-16F7-4668-BE54-9A1E7A4F7556}") = "Cyberduck.Protocols", "protocols\dll\Cyberduck.Protocols.msbuildproj", "{9EC33FB0-4334-403D-9E69-0586F7E6695F}"
EndProject
Project("{9A19103F-16F7-4668-BE54-9A1E7A4F7556}") = "Cyberduck.Cryptomator", "cryptomator\dll\Cyberduck.Cryptomator.msbuildproj", "{C5D057E6-48B7-48C5-A7E2-66A21258BD04}"
EndProject
Project("{9A19103F-16F7-4668-BE54-9A1E7A4F7556}") = "Cyberduck.Cli", "cli\dll\Cyberduck.Cli.msbuildproj", "{82651949-B606-4CEF-BEEF-117466CC70BB}"
EndProject
Global
	GlobalSection(SolutionConfigurationPlatforms) = preSolution
		Debug|Windows = Debug|Windows
		Release|Windows = Release|Windows
	EndGlobalSection
	GlobalSection(ProjectConfigurationPlatforms) = postSolution
		{89D94AC6-3D04-4B67-A39B-C1DEFB8A1766}.Debug|Windows.ActiveCfg = Debug|x64
		{89D94AC6-3D04-4B67-A39B-C1DEFB8A1766}.Debug|Windows.Build.0 = Debug|x64
		{89D94AC6-3D04-4B67-A39B-C1DEFB8A1766}.Release|Windows.ActiveCfg = Release|x64
		{89D94AC6-3D04-4B67-A39B-C1DEFB8A1766}.Release|Windows.Build.0 = Release|x64
		{1926AB55-690C-4081-99D5-170847C206D9}.Debug|Windows.ActiveCfg = Debug|x64
		{1926AB55-690C-4081-99D5-170847C206D9}.Debug|Windows.Build.0 = Debug|x64
		{1926AB55-690C-4081-99D5-170847C206D9}.Release|Windows.ActiveCfg = Release|x64
		{1926AB55-690C-4081-99D5-170847C206D9}.Release|Windows.Build.0 = Release|x64
		{581C7683-D22D-4346-B3BF-DC2936231C46}.Debug|Windows.ActiveCfg = Debug|x64
		{581C7683-D22D-4346-B3BF-DC2936231C46}.Debug|Windows.Build.0 = Debug|x64
		{581C7683-D22D-4346-B3BF-DC2936231C46}.Release|Windows.ActiveCfg = Release|x64
		{581C7683-D22D-4346-B3BF-DC2936231C46}.Release|Windows.Build.0 = Release|x64
		{2287E64E-3515-4324-9833-553348295C15}.Debug|Windows.ActiveCfg = Debug|x64
		{2287E64E-3515-4324-9833-553348295C15}.Debug|Windows.Build.0 = Debug|x64
		{2287E64E-3515-4324-9833-553348295C15}.Release|Windows.ActiveCfg = Release|x64
		{2287E64E-3515-4324-9833-553348295C15}.Release|Windows.Build.0 = Release|x64
		{04AFCFBB-97D5-44EA-B087-F0CFAEB51E30}.Debug|Windows.ActiveCfg = Debug|x64
		{04AFCFBB-97D5-44EA-B087-F0CFAEB51E30}.Debug|Windows.Build.0 = Debug|x64
		{04AFCFBB-97D5-44EA-B087-F0CFAEB51E30}.Release|Windows.ActiveCfg = Release|x64
		{04AFCFBB-97D5-44EA-B087-F0CFAEB51E30}.Release|Windows.Build.0 = Release|x64
		{B5565834-1164-4858-AF50-AE89CFC9BDD2}.Debug|Windows.ActiveCfg = Debug|x64
		{B5565834-1164-4858-AF50-AE89CFC9BDD2}.Debug|Windows.Build.0 = Debug|x64
		{B5565834-1164-4858-AF50-AE89CFC9BDD2}.Release|Windows.ActiveCfg = Release|x64
		{B5565834-1164-4858-AF50-AE89CFC9BDD2}.Release|Windows.Build.0 = Release|x64
		{FBA5EFE2-362B-4BAD-A748-3248F79468AC}.Debug|Windows.ActiveCfg = Debug|Win32
		{FBA5EFE2-362B-4BAD-A748-3248F79468AC}.Debug|Windows.Build.0 = Debug|Win32
		{FBA5EFE2-362B-4BAD-A748-3248F79468AC}.Release|Windows.ActiveCfg = Release|Win32
		{FBA5EFE2-362B-4BAD-A748-3248F79468AC}.Release|Windows.Build.0 = Release|Win32
		{00858CE5-437F-46BE-8A2E-519B552DBF7D}.Debug|Windows.ActiveCfg = Debug|x86
		{00858CE5-437F-46BE-8A2E-519B552DBF7D}.Debug|Windows.Build.0 = Debug|x86
		{00858CE5-437F-46BE-8A2E-519B552DBF7D}.Release|Windows.ActiveCfg = Release|x86
		{00858CE5-437F-46BE-8A2E-519B552DBF7D}.Release|Windows.Build.0 = Release|x86
		{65AB4CE3-5AF4-411A-928C-7FFD250C6D85}.Debug|Windows.ActiveCfg = Debug|x86
		{65AB4CE3-5AF4-411A-928C-7FFD250C6D85}.Debug|Windows.Build.0 = Debug|x86
		{65AB4CE3-5AF4-411A-928C-7FFD250C6D85}.Release|Windows.ActiveCfg = Release|x86
		{65AB4CE3-5AF4-411A-928C-7FFD250C6D85}.Release|Windows.Build.0 = Release|x86
		{EF87DE0E-BC36-4D3C-8852-C8AD11D01F04}.Debug|Windows.ActiveCfg = Debug|x86
		{EF87DE0E-BC36-4D3C-8852-C8AD11D01F04}.Debug|Windows.Build.0 = Debug|x86
		{EF87DE0E-BC36-4D3C-8852-C8AD11D01F04}.Release|Windows.ActiveCfg = Release|x86
		{EF87DE0E-BC36-4D3C-8852-C8AD11D01F04}.Release|Windows.Build.0 = Release|x86
		{F6975079-F730-4A31-9909-DE536E524764}.Debug|Windows.ActiveCfg = Debug|x86
		{F6975079-F730-4A31-9909-DE536E524764}.Debug|Windows.Build.0 = Debug|x86
		{F6975079-F730-4A31-9909-DE536E524764}.Release|Windows.ActiveCfg = Release|x86
		{F6975079-F730-4A31-9909-DE536E524764}.Release|Windows.Build.0 = Release|x86
		{D1286C4A-9D6A-4904-B9AD-CB7688483EDB}.Debug|Windows.ActiveCfg = Debug|x64
		{D1286C4A-9D6A-4904-B9AD-CB7688483EDB}.Debug|Windows.Build.0 = Debug|x64
		{D1286C4A-9D6A-4904-B9AD-CB7688483EDB}.Release|Windows.ActiveCfg = Release|x64
		{D1286C4A-9D6A-4904-B9AD-CB7688483EDB}.Release|Windows.Build.0 = Release|x64
		{ABB0D3AD-BCDA-4F73-88C3-C67B76AAB6FE}.Debug|Windows.ActiveCfg = Debug|Any CPU
		{ABB0D3AD-BCDA-4F73-88C3-C67B76AAB6FE}.Debug|Windows.Build.0 = Debug|Any CPU
		{ABB0D3AD-BCDA-4F73-88C3-C67B76AAB6FE}.Release|Windows.ActiveCfg = Release|Any CPU
		{ABB0D3AD-BCDA-4F73-88C3-C67B76AAB6FE}.Release|Windows.Build.0 = Release|Any CPU
		{55CDD736-9A8A-4091-AC99-60E2F9C73269}.Debug|Windows.ActiveCfg = Debug|x64
		{55CDD736-9A8A-4091-AC99-60E2F9C73269}.Debug|Windows.Build.0 = Debug|x64
		{55CDD736-9A8A-4091-AC99-60E2F9C73269}.Debug|Windows.Deploy.0 = Debug|x64
		{55CDD736-9A8A-4091-AC99-60E2F9C73269}.Release|Windows.ActiveCfg = Release|x64
		{55CDD736-9A8A-4091-AC99-60E2F9C73269}.Release|Windows.Build.0 = Release|x64
		{55CDD736-9A8A-4091-AC99-60E2F9C73269}.Release|Windows.Deploy.0 = Release|x64
		{700080FF-8673-400D-8E0A-80F5B9ECC6A1}.Debug|Windows.ActiveCfg = Debug|Any CPU
		{700080FF-8673-400D-8E0A-80F5B9ECC6A1}.Debug|Windows.Build.0 = Debug|Any CPU
		{700080FF-8673-400D-8E0A-80F5B9ECC6A1}.Release|Windows.ActiveCfg = Release|Any CPU
		{700080FF-8673-400D-8E0A-80F5B9ECC6A1}.Release|Windows.Build.0 = Release|Any CPU
		{8F1F7D55-70A4-4E9A-BF0A-AF27369C67FB}.Debug|Windows.ActiveCfg = Debug|Any CPU
		{8F1F7D55-70A4-4E9A-BF0A-AF27369C67FB}.Debug|Windows.Build.0 = Debug|Any CPU
		{8F1F7D55-70A4-4E9A-BF0A-AF27369C67FB}.Release|Windows.ActiveCfg = Release|Any CPU
		{8F1F7D55-70A4-4E9A-BF0A-AF27369C67FB}.Release|Windows.Build.0 = Release|Any CPU
		{9EC33FB0-4334-403D-9E69-0586F7E6695F}.Debug|Windows.ActiveCfg = Debug|Any CPU
		{9EC33FB0-4334-403D-9E69-0586F7E6695F}.Debug|Windows.Build.0 = Debug|Any CPU
		{9EC33FB0-4334-403D-9E69-0586F7E6695F}.Release|Windows.ActiveCfg = Release|Any CPU
		{9EC33FB0-4334-403D-9E69-0586F7E6695F}.Release|Windows.Build.0 = Release|Any CPU
		{C5D057E6-48B7-48C5-A7E2-66A21258BD04}.Debug|Windows.ActiveCfg = Debug|Any CPU
		{C5D057E6-48B7-48C5-A7E2-66A21258BD04}.Debug|Windows.Build.0 = Debug|Any CPU
		{C5D057E6-48B7-48C5-A7E2-66A21258BD04}.Release|Windows.ActiveCfg = Release|Any CPU
		{C5D057E6-48B7-48C5-A7E2-66A21258BD04}.Release|Windows.Build.0 = Release|Any CPU
		{82651949-B606-4CEF-BEEF-117466CC70BB}.Debug|Windows.ActiveCfg = Debug|Any CPU
		{82651949-B606-4CEF-BEEF-117466CC70BB}.Debug|Windows.Build.0 = Debug|Any CPU
		{82651949-B606-4CEF-BEEF-117466CC70BB}.Release|Windows.ActiveCfg = Release|Any CPU
		{82651949-B606-4CEF-BEEF-117466CC70BB}.Release|Windows.Build.0 = Release|Any CPU
	EndGlobalSection
	GlobalSection(SolutionProperties) = preSolution
		HideSolutionNode = FALSE
	EndGlobalSection
	GlobalSection(NestedProjects) = preSolution
		{89D94AC6-3D04-4B67-A39B-C1DEFB8A1766} = {72B4BA09-65D8-4C49-930E-B14104B2AB1B}
		{1926AB55-690C-4081-99D5-170847C206D9} = {72B4BA09-65D8-4C49-930E-B14104B2AB1B}
		{581C7683-D22D-4346-B3BF-DC2936231C46} = {8B08EF96-10D6-4F35-94C1-986F9F0F1506}
		{2287E64E-3515-4324-9833-553348295C15} = {3FAE38FB-24D9-4F8C-81BA-68BAD19FC81D}
		{72B4BA09-65D8-4C49-930E-B14104B2AB1B} = {3FAE38FB-24D9-4F8C-81BA-68BAD19FC81D}
		{04AFCFBB-97D5-44EA-B087-F0CFAEB51E30} = {3FAE38FB-24D9-4F8C-81BA-68BAD19FC81D}
		{B5565834-1164-4858-AF50-AE89CFC9BDD2} = {8B08EF96-10D6-4F35-94C1-986F9F0F1506}
		{457F1D6D-8AEC-42E2-9211-2A8405C95019} = {0DF59FB4-AEA9-4213-A935-6DB851411B67}
		{7D32EE61-B6F0-4978-B500-45172B181283} = {0DF59FB4-AEA9-4213-A935-6DB851411B67}
		{FBA5EFE2-362B-4BAD-A748-3248F79468AC} = {7D32EE61-B6F0-4978-B500-45172B181283}
		{00858CE5-437F-46BE-8A2E-519B552DBF7D} = {7D32EE61-B6F0-4978-B500-45172B181283}
		{65AB4CE3-5AF4-411A-928C-7FFD250C6D85} = {7D32EE61-B6F0-4978-B500-45172B181283}
		{EF87DE0E-BC36-4D3C-8852-C8AD11D01F04} = {457F1D6D-8AEC-42E2-9211-2A8405C95019}
		{F6975079-F730-4A31-9909-DE536E524764} = {457F1D6D-8AEC-42E2-9211-2A8405C95019}
		{D1286C4A-9D6A-4904-B9AD-CB7688483EDB} = {72B4BA09-65D8-4C49-930E-B14104B2AB1B}
		{ABB0D3AD-BCDA-4F73-88C3-C67B76AAB6FE} = {72B4BA09-65D8-4C49-930E-B14104B2AB1B}
		{55CDD736-9A8A-4091-AC99-60E2F9C73269} = {7D32EE61-B6F0-4978-B500-45172B181283}
		{700080FF-8673-400D-8E0A-80F5B9ECC6A1} = {72B4BA09-65D8-4C49-930E-B14104B2AB1B}
		{8F1F7D55-70A4-4E9A-BF0A-AF27369C67FB} = {72B4BA09-65D8-4C49-930E-B14104B2AB1B}
		{9EC33FB0-4334-403D-9E69-0586F7E6695F} = {72B4BA09-65D8-4C49-930E-B14104B2AB1B}
		{C5D057E6-48B7-48C5-A7E2-66A21258BD04} = {72B4BA09-65D8-4C49-930E-B14104B2AB1B}
		{82651949-B606-4CEF-BEEF-117466CC70BB} = {72B4BA09-65D8-4C49-930E-B14104B2AB1B}
	EndGlobalSection
	GlobalSection(ExtensibilityGlobals) = postSolution
		SolutionGuid = {289E6003-15D5-4377-ADA6-2E7093785BCD}
	EndGlobalSection
EndGlobal
