// !$*UTF8*$!
{
	archiveVersion = 1;
	classes = {
	};
	objectVersion = 42;
	objects = {

/* Begin PBXAppleScriptBuildPhase section */
		65081C2E067A9A0C006247A1 /* AppleScript */ = {
			isa = PBXAppleScriptBuildPhase;
			buildActionMask = 2147483647;
			contextName = "";
			files = (
				65E2187606F52A5F00613B9C /* main.applescript in AppleScript */,
			);
			isSharedContext = 0;
			runOnlyForDeploymentPostprocessing = 0;
		};
/* End PBXAppleScriptBuildPhase section */

/* Begin PBXBuildFile section */
		47E4BA0308AB51240049A0CB /* main.nib in Resources */ = {isa = PBXBuildFile; fileRef = 47E4BA0108AB51240049A0CB /* main.nib */; };
		65081C32067A9A0C006247A1 /* InfoPlist.strings in Resources */ = {isa = PBXBuildFile; fileRef = 089C167DFE841241C02AAC07 /* InfoPlist.strings */; };
		65081C37067A9A0C006247A1 /* Cocoa.framework in Frameworks */ = {isa = PBXBuildFile; fileRef = 1058C7ADFEA557BF11CA2CBB /* Cocoa.framework */; };
		65081C38067A9A0C006247A1 /* Automator.framework in Frameworks */ = {isa = PBXBuildFile; fileRef = 65AABA78056AB2A5006CE269 /* Automator.framework */; };
		65E2187606F52A5F00613B9C /* main.applescript in AppleScript */ = {isa = PBXBuildFile; fileRef = 65E2187306F52A5F00613B9C /* main.applescript */; settings = {ATTRIBUTES = (Debug, ); }; };
/* End PBXBuildFile section */

/* Begin PBXBuildStyle section */
		014CEA420018CDE011CA2923 /* Debug */ = {
			isa = PBXBuildStyle;
			buildSettings = {
				COPY_PHASE_STRIP = NO;
				GCC_DYNAMIC_NO_PIC = NO;
				GCC_ENABLE_FIX_AND_CONTINUE = YES;
				GCC_GENERATE_DEBUGGING_SYMBOLS = YES;
				GCC_OPTIMIZATION_LEVEL = 0;
				OPTIMIZATION_CFLAGS = "-O0";
				PREBINDING = NO;
				ZERO_LINK = YES;
			};
			name = Debug;
		};
		014CEA430018CDE011CA2923 /* Release */ = {
			isa = PBXBuildStyle;
			buildSettings = {
				COPY_PHASE_STRIP = YES;
				GCC_ENABLE_FIX_AND_CONTINUE = NO;
				OTHER_OSAFLAGS = "-x";
				PREBINDING = NO;
				ZERO_LINK = NO;
			};
			name = Release;
		};
/* End PBXBuildStyle section */

/* Begin PBXFileReference section */
		089C1672FE841209C02AAC07 /* Foundation.framework */ = {isa = PBXFileReference; lastKnownFileType = wrapper.framework; name = Foundation.framework; path = /System/Library/Frameworks/Foundation.framework; sourceTree = "<absolute>"; };
		089C167EFE841241C02AAC07 /* English */ = {isa = PBXFileReference; fileEncoding = 10; lastKnownFileType = text.plist.strings; name = English; path = English.lproj/InfoPlist.strings; sourceTree = "<group>"; };
		089C167FFE841241C02AAC07 /* AppKit.framework */ = {isa = PBXFileReference; lastKnownFileType = wrapper.framework; name = AppKit.framework; path = /System/Library/Frameworks/AppKit.framework; sourceTree = "<absolute>"; };
		1058C7ADFEA557BF11CA2CBB /* Cocoa.framework */ = {isa = PBXFileReference; lastKnownFileType = wrapper.framework; name = Cocoa.framework; path = /System/Library/Frameworks/Cocoa.framework; sourceTree = "<absolute>"; };
		47E4BA0208AB51240049A0CB /* English */ = {isa = PBXFileReference; lastKnownFileType = wrapper.nib; name = English; path = English.lproj/main.nib; sourceTree = "<group>"; };
		47EFFC8408AAB0EF00719B3A /* Cyberduck.sdef */ = {isa = PBXFileReference; fileEncoding = 4; lastKnownFileType = text.sdef; name = Cyberduck.sdef; path = ../Cyberduck.sdef; sourceTree = SOURCE_ROOT; };
		65081C3A067A9A0C006247A1 /* Info.plist */ = {isa = PBXFileReference; lastKnownFileType = text.xml; path = Info.plist; sourceTree = "<group>"; };
		65081C3B067A9A0C006247A1 /* Download files.action */ = {isa = PBXFileReference; explicitFileType = wrapper.cfbundle; includeInIndex = 0; path = "Download files.action"; sourceTree = BUILT_PRODUCTS_DIR; };
		6578AEF2078DDFFD004A0FC7 /* AppleScriptKit.sdef */ = {isa = PBXFileReference; fileEncoding = 30; lastKnownFileType = text.sdef; name = AppleScriptKit.sdef; path = /System/Library/Frameworks/AppleScriptKit.framework/Versions/A/Resources/AppleScriptKit.sdef; sourceTree = "<absolute>"; };
		65AABA78056AB2A5006CE269 /* Automator.framework */ = {isa = PBXFileReference; lastKnownFileType = wrapper.framework; name = Automator.framework; path = /System/Library/Frameworks/Automator.framework; sourceTree = "<absolute>"; };
		65E2187306F52A5F00613B9C /* main.applescript */ = {isa = PBXFileReference; lastKnownFileType = sourcecode.applescript; path = main.applescript; sourceTree = "<group>"; };
/* End PBXFileReference section */

/* Begin PBXFrameworksBuildPhase section */
		65081C36067A9A0C006247A1 /* Frameworks */ = {
			isa = PBXFrameworksBuildPhase;
			buildActionMask = 2147483647;
			files = (
				65081C37067A9A0C006247A1 /* Cocoa.framework in Frameworks */,
				65081C38067A9A0C006247A1 /* Automator.framework in Frameworks */,
			);
			runOnlyForDeploymentPostprocessing = 0;
		};
/* End PBXFrameworksBuildPhase section */

/* Begin PBXGroup section */
		089C166AFE841209C02AAC07 /* Automator Action */ = {
			isa = PBXGroup;
			children = (
				65AABA0F056A9AD1006CE269 /* Scripts */,
				089C167CFE841241C02AAC07 /* Resources */,
				089C1671FE841209C02AAC07 /* Frameworks and Libraries */,
				19C28FB8FE9D52D311CA2CBB /* Products */,
				65081C3A067A9A0C006247A1 /* Info.plist */,
			);
			name = "Automator Action";
			sourceTree = "<group>";
		};
		089C1671FE841209C02AAC07 /* Frameworks and Libraries */ = {
			isa = PBXGroup;
			children = (
				1058C7ACFEA557BF11CA2CBB /* Linked Frameworks */,
				1058C7AEFEA557BF11CA2CBB /* Other Frameworks */,
			);
			name = "Frameworks and Libraries";
			sourceTree = "<group>";
		};
		089C167CFE841241C02AAC07 /* Resources */ = {
			isa = PBXGroup;
			children = (
				47E4BA0108AB51240049A0CB /* main.nib */,
				089C167DFE841241C02AAC07 /* InfoPlist.strings */,
				6578AEF2078DDFFD004A0FC7 /* AppleScriptKit.sdef */,
				47EFFC8408AAB0EF00719B3A /* Cyberduck.sdef */,
			);
			name = Resources;
			sourceTree = "<group>";
		};
		1058C7ACFEA557BF11CA2CBB /* Linked Frameworks */ = {
			isa = PBXGroup;
			children = (
				1058C7ADFEA557BF11CA2CBB /* Cocoa.framework */,
				65AABA78056AB2A5006CE269 /* Automator.framework */,
			);
			name = "Linked Frameworks";
			sourceTree = "<group>";
		};
		1058C7AEFEA557BF11CA2CBB /* Other Frameworks */ = {
			isa = PBXGroup;
			children = (
				089C1672FE841209C02AAC07 /* Foundation.framework */,
				089C167FFE841241C02AAC07 /* AppKit.framework */,
			);
			name = "Other Frameworks";
			sourceTree = "<group>";
		};
		19C28FB8FE9D52D311CA2CBB /* Products */ = {
			isa = PBXGroup;
			children = (
				65081C3B067A9A0C006247A1 /* Download files.action */,
			);
			name = Products;
			sourceTree = "<group>";
		};
		65AABA0F056A9AD1006CE269 /* Scripts */ = {
			isa = PBXGroup;
			children = (
				65E2187306F52A5F00613B9C /* main.applescript */,
			);
			name = Scripts;
			sourceTree = "<group>";
		};
/* End PBXGroup section */

/* Begin PBXNativeTarget section */
		65081C2D067A9A0C006247A1 /* Download files */ = {
			isa = PBXNativeTarget;
			buildConfigurationList = 4746CBF908AA8F9F008A51C9 /* Build configuration list for PBXNativeTarget "Download files" */;
			buildPhases = (
				65081C2E067A9A0C006247A1 /* AppleScript */,
				65081C31067A9A0C006247A1 /* Resources */,
				65081C36067A9A0C006247A1 /* Frameworks */,
				25038757080C6CE300E1128B /* ShellScript */,
			);
			buildRules = (
			);
			buildSettings = {
				FRAMEWORK_SEARCH_PATHS = "";
				GCC_WARN_ABOUT_RETURN_TYPE = YES;
				GCC_WARN_UNUSED_VARIABLE = YES;
				HEADER_SEARCH_PATHS = "";
				INFOPLIST_FILE = Info.plist;
				INSTALL_PATH = "$(USER_LIBRARY_DIR)/Automator";
				LIBRARY_SEARCH_PATHS = "";
				OTHER_CFLAGS = "";
				OTHER_LDFLAGS = "";
				OTHER_OSAFLAGS = "";
				OTHER_REZFLAGS = "";
				PREBINDING = NO;
				PRODUCT_NAME = "Automator Action";
				SECTORDER_FLAGS = "";
				WARNING_CFLAGS = "";
				WRAPPER_EXTENSION = action;
			};
			dependencies = (
			);
			name = "Download files";
			productInstallPath = "$(USER_LIBRARY_DIR)/Automator";
			productName = "Automator Action";
			productReference = 65081C3B067A9A0C006247A1 /* Download files.action */;
			productType = "com.apple.product-type.bundle";
		};
/* End PBXNativeTarget section */

/* Begin PBXProject section */
		089C1669FE841209C02AAC07 /* Project object */ = {
			isa = PBXProject;
			buildConfigurationList = 4746CBFD08AA8F9F008A51C9 /* Build configuration list for PBXProject "Download Automator Action" */;
			buildSettings = {
			};
			buildStyles = (
				014CEA420018CDE011CA2923 /* Debug */,
				014CEA430018CDE011CA2923 /* Release */,
			);
			hasScannedForEncodings = 1;
			mainGroup = 089C166AFE841209C02AAC07 /* Automator Action */;
			projectDirPath = "";
			targets = (
				65081C2D067A9A0C006247A1 /* Download files */,
			);
		};
/* End PBXProject section */

/* Begin PBXResourcesBuildPhase section */
		65081C31067A9A0C006247A1 /* Resources */ = {
			isa = PBXResourcesBuildPhase;
			buildActionMask = 2147483647;
			files = (
				65081C32067A9A0C006247A1 /* InfoPlist.strings in Resources */,
				47E4BA0308AB51240049A0CB /* main.nib in Resources */,
			);
			runOnlyForDeploymentPostprocessing = 0;
		};
/* End PBXResourcesBuildPhase section */

/* Begin PBXShellScriptBuildPhase section */
		25038757080C6CE300E1128B /* ShellScript */ = {
			isa = PBXShellScriptBuildPhase;
			buildActionMask = 2147483647;
			files = (
			);
			inputPaths = (
			);
			outputPaths = (
			);
			runOnlyForDeploymentPostprocessing = 0;
			shellPath = /bin/sh;
			shellScript = "/usr/bin/amlint \"$BUILT_PRODUCTS_DIR/Download files.action\"";
		};
/* End PBXShellScriptBuildPhase section */

/* Begin PBXVariantGroup section */
		089C167DFE841241C02AAC07 /* InfoPlist.strings */ = {
			isa = PBXVariantGroup;
			children = (
				089C167EFE841241C02AAC07 /* English */,
			);
			name = InfoPlist.strings;
			sourceTree = "<group>";
		};
		47E4BA0108AB51240049A0CB /* main.nib */ = {
			isa = PBXVariantGroup;
			children = (
				47E4BA0208AB51240049A0CB /* English */,
			);
			name = main.nib;
			sourceTree = "<group>";
		};
/* End PBXVariantGroup section */

/* Begin XCBuildConfiguration section */
		4746CBFB08AA8F9F008A51C9 /* Deployment */ = {
			isa = XCBuildConfiguration;
			buildSettings = {
				COPY_PHASE_STRIP = YES;
				FRAMEWORK_SEARCH_PATHS = "";
				GCC_ENABLE_FIX_AND_CONTINUE = NO;
				GCC_WARN_ABOUT_RETURN_TYPE = YES;
				GCC_WARN_UNUSED_VARIABLE = YES;
				HEADER_SEARCH_PATHS = "";
				INFOPLIST_FILE = Info.plist;
				LIBRARY_SEARCH_PATHS = "";
				OTHER_CFLAGS = "";
				OTHER_LDFLAGS = "";
				OTHER_OSAFLAGS = "-x";
				OTHER_REZFLAGS = "";
				PREBINDING = NO;
				PRODUCT_NAME = "Download files";
				SECTORDER_FLAGS = "";
				WARNING_CFLAGS = "";
				WRAPPER_EXTENSION = action;
				ZERO_LINK = NO;
			};
			name = Deployment;
		};
		4746CBFF08AA8F9F008A51C9 /* Deployment */ = {
			isa = XCBuildConfiguration;
			buildSettings = {
				ARCHS = (
					ppc,
					i386,
				);
				MACOSX_DEPLOYMENT_TARGET = 10.4;
				SDKROOT = /Developer/SDKs/MacOSX10.4u.sdk;
			};
			name = Deployment;
		};
/* End XCBuildConfiguration section */

/* Begin XCConfigurationList section */
		4746CBF908AA8F9F008A51C9 /* Build configuration list for PBXNativeTarget "Download files" */ = {
			isa = XCConfigurationList;
			buildConfigurations = (
				4746CBFB08AA8F9F008A51C9 /* Deployment */,
			);
			defaultConfigurationIsVisible = 0;
			defaultConfigurationName = Deployment;
		};
		4746CBFD08AA8F9F008A51C9 /* Build configuration list for PBXProject "Download Automator Action" */ = {
			isa = XCConfigurationList;
			buildConfigurations = (
				4746CBFF08AA8F9F008A51C9 /* Deployment */,
			);
			defaultConfigurationIsVisible = 0;
			defaultConfigurationName = Deployment;
		};
/* End XCConfigurationList section */
	};
	rootObject = 089C1669FE841209C02AAC07 /* Project object */;
}
